
Microsoft Visual Studio Solution File, Format Version 12.00
# Visual Studio 15
Project("{FAE04EC0-301F-11D3-BF4B-00C04F79EFBC}") = "squaregame", "squaregame\squaregame.csproj", "{DFD71FE1-964F-44CC-87A5-73A3A83CA13C}"
EndProject
Global
	GlobalSection(SolutionConfigurationPlatforms) = preSolution
		Debug|Any CPU = Debug|Any CPU
		Release|Any CPU = Release|Any CPU
	EndGlobalSection
	GlobalSection(ProjectConfigurationPlatforms) = postSolution
		{DFD71FE1-964F-44CC-87A5-73A3A83CA13C}.Debug|Any CPU.ActiveCfg = Debug|Any CPU
		{DFD71FE1-964F-44CC-87A5-73A3A83CA13C}.Debug|Any CPU.Build.0 = Debug|Any CPU
		{DFD71FE1-964F-44CC-87A5-73A3A83CA13C}.Release|Any CPU.ActiveCfg = Release|Any CPU
		{DFD71FE1-964F-44CC-87A5-73A3A83CA13C}.Release|Any CPU.Build.0 = Release|Any CPU
	EndGlobalSection
EndGlobal
